
Microsoft Visual Studio Solution File, Format Version 12.00
# Visual Studio Version 17
VisualStudioVersion = 17.11.35208.52
MinimumVisualStudioVersion = 10.0.40219.1
Project("{9A19103F-16F7-4668-BE54-9A1E7A4F7556}") = "flappyrogue_mg", "flappyrogue_mg.csproj", "{CAF1ACE2-82B0-4532-BB4E-F69F38CFD241}"
EndProject
Global
	GlobalSection(SolutionConfigurationPlatforms) = preSolution
		Debug|Any CPU = Debug|Any CPU
		Release|Any CPU = Release|Any CPU
	EndGlobalSection
	GlobalSection(ProjectConfigurationPlatforms) = postSolution
		{CAF1ACE2-82B0-4532-BB4E-F69F38CFD241}.Debug|Any CPU.ActiveCfg = Debug|Any CPU
		{CAF1ACE2-82B0-4532-BB4E-F69F38CFD241}.Debug|Any CPU.Build.0 = Debug|Any CPU
		{CAF1ACE2-82B0-4532-BB4E-F69F38CFD241}.Release|Any CPU.ActiveCfg = Release|Any CPU
		{CAF1ACE2-82B0-4532-BB4E-F69F38CFD241}.Release|Any CPU.Build.0 = Release|Any CPU
	EndGlobalSection
	GlobalSection(SolutionProperties) = preSolution
		HideSolutionNode = FALSE
	EndGlobalSection
	GlobalSection(ExtensibilityGlobals) = postSolution
		SolutionGuid = {1BD88AFF-A669-4E6D-986F-F6D9274623E9}
	EndGlobalSection
EndGlobal
