
Microsoft Visual Studio Solution File, Format Version 12.00
# Visual Studio Version 17
VisualStudioVersion = 17.11.35219.272
MinimumVisualStudioVersion = 10.0.40219.1
Project("{D954291E-2A0B-460D-934E-DC6B0785DB48}") = "Shared", "Shared\Shared.shproj", "{A0CDBD0E-3A41-42B7-9425-A838BC2C7383}"
EndProject
Project("{9A19103F-16F7-4668-BE54-9A1E7A4F7556}") = "Windows", "Windows\Windows.csproj", "{A46B9A6F-5A5B-49E7-8D9A-F8A6B2AE7DC6}"
EndProject
Project("{9A19103F-16F7-4668-BE54-9A1E7A4F7556}") = "Android", "Android\Android.csproj", "{37F3B1E7-CB72-4D25-9DBD-B0C1FD47EFCB}"
EndProject
Global
	GlobalSection(SolutionConfigurationPlatforms) = preSolution
		Debug|Any CPU = Debug|Any CPU
		Release|Any CPU = Release|Any CPU
	EndGlobalSection
	GlobalSection(ProjectConfigurationPlatforms) = postSolution
		{A46B9A6F-5A5B-49E7-8D9A-F8A6B2AE7DC6}.Debug|Any CPU.ActiveCfg = Debug|Any CPU
		{A46B9A6F-5A5B-49E7-8D9A-F8A6B2AE7DC6}.Debug|Any CPU.Build.0 = Debug|Any CPU
		{A46B9A6F-5A5B-49E7-8D9A-F8A6B2AE7DC6}.Release|Any CPU.ActiveCfg = Release|Any CPU
		{A46B9A6F-5A5B-49E7-8D9A-F8A6B2AE7DC6}.Release|Any CPU.Build.0 = Release|Any CPU
		{37F3B1E7-CB72-4D25-9DBD-B0C1FD47EFCB}.Debug|Any CPU.ActiveCfg = Debug|Any CPU
		{37F3B1E7-CB72-4D25-9DBD-B0C1FD47EFCB}.Debug|Any CPU.Build.0 = Debug|Any CPU
		{37F3B1E7-CB72-4D25-9DBD-B0C1FD47EFCB}.Debug|Any CPU.Deploy.0 = Debug|Any CPU
		{37F3B1E7-CB72-4D25-9DBD-B0C1FD47EFCB}.Release|Any CPU.ActiveCfg = Release|Any CPU
		{37F3B1E7-CB72-4D25-9DBD-B0C1FD47EFCB}.Release|Any CPU.Build.0 = Release|Any CPU
	EndGlobalSection
	GlobalSection(SolutionProperties) = preSolution
		HideSolutionNode = FALSE
	EndGlobalSection
	GlobalSection(ExtensibilityGlobals) = postSolution
		SolutionGuid = {C9975F81-1032-4525-A820-FF1A7068500A}
	EndGlobalSection
	GlobalSection(SharedMSBuildProjectFiles) = preSolution
		Shared\Shared.projitems*{37f3b1e7-cb72-4d25-9dbd-b0c1fd47efcb}*SharedItemsImports = 5
		Shared\Shared.projitems*{a0cdbd0e-3a41-42b7-9425-a838bc2c7383}*SharedItemsImports = 13
		Shared\Shared.projitems*{a46b9a6f-5a5b-49e7-8d9a-f8a6b2ae7dc6}*SharedItemsImports = 5
	EndGlobalSection
EndGlobal
